
Microsoft Visual Studio Solution File, Format Version 12.00
# Visual Studio 14
VisualStudioVersion = 14.0.25420.1
MinimumVisualStudioVersion = 10.0.40219.1
Project("{FAE04EC0-301F-11D3-BF4B-00C04F79EFBC}") = "Paintball.DAL", "Paintball.DAL\Paintball.DAL.csproj", "{E658171E-2C0D-45F0-A872-E86D97FEC183}"
EndProject
Project("{FAE04EC0-301F-11D3-BF4B-00C04F79EFBC}") = "Paintball.Web", "Paintball.Web\Paintball.Web.csproj", "{B4D08622-CA3F-4F70-A571-BD2A32C869AA}"
	ProjectSection(ProjectDependencies) = postProject
		{E658171E-2C0D-45F0-A872-E86D97FEC183} = {E658171E-2C0D-45F0-A872-E86D97FEC183}
	EndProjectSection
EndProject
Project("{FAE04EC0-301F-11D3-BF4B-00C04F79EFBC}") = "Paintball.Tests", "Paintball.Tests\Paintball.Tests.csproj", "{E5EB6B2E-6B76-4741-8235-7654E9278DF7}"
	ProjectSection(ProjectDependencies) = postProject
		{E658171E-2C0D-45F0-A872-E86D97FEC183} = {E658171E-2C0D-45F0-A872-E86D97FEC183}
		{B4D08622-CA3F-4F70-A571-BD2A32C869AA} = {B4D08622-CA3F-4F70-A571-BD2A32C869AA}
	EndProjectSection
EndProject
Project("{2150E333-8FDC-42A3-9474-1A3956D46DE8}") = "Solution Items", "Solution Items", "{F01AFF44-49C3-4250-97B0-366D4985603F}"
	ProjectSection(SolutionItems) = preProject
		WebEssentials2015-Settings.json = WebEssentials2015-Settings.json
	EndProjectSection
EndProject
Global
	GlobalSection(SolutionConfigurationPlatforms) = preSolution
		Debug|Any CPU = Debug|Any CPU
		Release|Any CPU = Release|Any CPU
	EndGlobalSection
	GlobalSection(ProjectConfigurationPlatforms) = postSolution
		{E658171E-2C0D-45F0-A872-E86D97FEC183}.Debug|Any CPU.ActiveCfg = Debug|Any CPU
		{E658171E-2C0D-45F0-A872-E86D97FEC183}.Debug|Any CPU.Build.0 = Debug|Any CPU
		{E658171E-2C0D-45F0-A872-E86D97FEC183}.Release|Any CPU.ActiveCfg = Release|Any CPU
		{E658171E-2C0D-45F0-A872-E86D97FEC183}.Release|Any CPU.Build.0 = Release|Any CPU
		{B4D08622-CA3F-4F70-A571-BD2A32C869AA}.Debug|Any CPU.ActiveCfg = Debug|Any CPU
		{B4D08622-CA3F-4F70-A571-BD2A32C869AA}.Debug|Any CPU.Build.0 = Debug|Any CPU
		{B4D08622-CA3F-4F70-A571-BD2A32C869AA}.Release|Any CPU.ActiveCfg = Release|Any CPU
		{B4D08622-CA3F-4F70-A571-BD2A32C869AA}.Release|Any CPU.Build.0 = Release|Any CPU
		{E5EB6B2E-6B76-4741-8235-7654E9278DF7}.Debug|Any CPU.ActiveCfg = Debug|Any CPU
		{E5EB6B2E-6B76-4741-8235-7654E9278DF7}.Debug|Any CPU.Build.0 = Debug|Any CPU
		{E5EB6B2E-6B76-4741-8235-7654E9278DF7}.Release|Any CPU.ActiveCfg = Release|Any CPU
		{E5EB6B2E-6B76-4741-8235-7654E9278DF7}.Release|Any CPU.Build.0 = Release|Any CPU
	EndGlobalSection
	GlobalSection(SolutionProperties) = preSolution
		HideSolutionNode = FALSE
	EndGlobalSection
EndGlobal
